{
  "name": "CLabsDemo",
  "lockfileVersion": 3,
  "requires": true,
  "packages": {
    "": {
      "dependencies": {
        "wicket": "^1.3.8"
      },
      "devDependencies": {
        "@types/wicket": "^1.3.0"
      }
    },
    "node_modules/@types/wicket": {
      "version": "1.3.0",
      "resolved": "https://registry.npmjs.org/@types/wicket/-/wicket-1.3.0.tgz",
      "integrity": "sha512-GKGOiQgqmZVTIK72fZZOqBu2uI9Z9yg+nNhxV7X4VDhV545nHehWMSnjLFz2cUwh6M6PL5XAWAR3erAeYrwvrQ==",
      "dev": true
    },
    "node_modules/wicket": {
      "version": "1.3.8",
      "resolved": "https://registry.npmjs.org/wicket/-/wicket-1.3.8.tgz",
      "integrity": "sha512-+UZsrBvp8OI+8PhStpXQw0oJedaCLncZwu7lPdcZ9BpUsyu25rztzHG+IwXGK372nuDGp+Wy4FreM/rzdWYJAg=="
    }
  }
}
